
Microsoft Visual Studio Solution File, Format Version 12.00
# Visual Studio Version 17
VisualStudioVersion = 17.7.34031.279
MinimumVisualStudioVersion = 10.0.40219.1
Project("{FAE04EC0-301F-11D3-BF4B-00C04F79EFBC}") = "WindowCaptureOwn", "WindowCaptureOwn\WindowCaptureOwn.csproj", "{5D8C3762-5539-42E5-BA13-1F6B84C3F7E5}"
EndProject
Global
	GlobalSection(SolutionConfigurationPlatforms) = preSolution
		Debug|Any CPU = Debug|Any CPU
		Release|Any CPU = Release|Any CPU
	EndGlobalSection
	GlobalSection(ProjectConfigurationPlatforms) = postSolution
		{5D8C3762-5539-42E5-BA13-1F6B84C3F7E5}.Debug|Any CPU.ActiveCfg = Debug|Any CPU
		{5D8C3762-5539-42E5-BA13-1F6B84C3F7E5}.Debug|Any CPU.Build.0 = Debug|Any CPU
		{5D8C3762-5539-42E5-BA13-1F6B84C3F7E5}.Release|Any CPU.ActiveCfg = Release|Any CPU
		{5D8C3762-5539-42E5-BA13-1F6B84C3F7E5}.Release|Any CPU.Build.0 = Release|Any CPU
	EndGlobalSection
	GlobalSection(SolutionProperties) = preSolution
		HideSolutionNode = FALSE
	EndGlobalSection
	GlobalSection(ExtensibilityGlobals) = postSolution
		SolutionGuid = {7450A797-43A2-4CFC-B019-F67499BC854B}
	EndGlobalSection
EndGlobal
